
Microsoft Visual Studio Solution File, Format Version 12.00
# Visual Studio 14
VisualStudioVersion = 14.0.25123.0
MinimumVisualStudioVersion = 10.0.40219.1
Project("{FAE04EC0-301F-11D3-BF4B-00C04F79EFBC}") = "RestaurantWaitTime", "RestaurantWaitTime\RestaurantWaitTime.csproj", "{CDC3435B-924D-4C04-ABFA-0DF8C9F1AD8D}"
EndProject
Project("{FAE04EC0-301F-11D3-BF4B-00C04F79EFBC}") = "RestaurantClient", "RestaurantClient\RestaurantClient.csproj", "{3CB246E3-9355-443E-92E2-F15F39D2ADE4}"
EndProject
Project("{FAE04EC0-301F-11D3-BF4B-00C04F79EFBC}") = "UserClient", "UserClient\UserClient.csproj", "{F6DDABC3-D1DD-406A-9612-7114803DE438}"
EndProject
Global
	GlobalSection(SolutionConfigurationPlatforms) = preSolution
		Debug|Any CPU = Debug|Any CPU
		Debug|ARM = Debug|ARM
		Debug|x64 = Debug|x64
		Debug|x86 = Debug|x86
		Release|Any CPU = Release|Any CPU
		Release|ARM = Release|ARM
		Release|x64 = Release|x64
		Release|x86 = Release|x86
	EndGlobalSection
	GlobalSection(ProjectConfigurationPlatforms) = postSolution
		{CDC3435B-924D-4C04-ABFA-0DF8C9F1AD8D}.Debug|Any CPU.ActiveCfg = Debug|Any CPU
		{CDC3435B-924D-4C04-ABFA-0DF8C9F1AD8D}.Debug|Any CPU.Build.0 = Debug|Any CPU
		{CDC3435B-924D-4C04-ABFA-0DF8C9F1AD8D}.Debug|ARM.ActiveCfg = Debug|Any CPU
		{CDC3435B-924D-4C04-ABFA-0DF8C9F1AD8D}.Debug|ARM.Build.0 = Debug|Any CPU
		{CDC3435B-924D-4C04-ABFA-0DF8C9F1AD8D}.Debug|x64.ActiveCfg = Debug|Any CPU
		{CDC3435B-924D-4C04-ABFA-0DF8C9F1AD8D}.Debug|x64.Build.0 = Debug|Any CPU
		{CDC3435B-924D-4C04-ABFA-0DF8C9F1AD8D}.Debug|x86.ActiveCfg = Debug|Any CPU
		{CDC3435B-924D-4C04-ABFA-0DF8C9F1AD8D}.Debug|x86.Build.0 = Debug|Any CPU
		{CDC3435B-924D-4C04-ABFA-0DF8C9F1AD8D}.Release|Any CPU.ActiveCfg = Release|Any CPU
		{CDC3435B-924D-4C04-ABFA-0DF8C9F1AD8D}.Release|Any CPU.Build.0 = Release|Any CPU
		{CDC3435B-924D-4C04-ABFA-0DF8C9F1AD8D}.Release|ARM.ActiveCfg = Release|Any CPU
		{CDC3435B-924D-4C04-ABFA-0DF8C9F1AD8D}.Release|ARM.Build.0 = Release|Any CPU
		{CDC3435B-924D-4C04-ABFA-0DF8C9F1AD8D}.Release|x64.ActiveCfg = Release|Any CPU
		{CDC3435B-924D-4C04-ABFA-0DF8C9F1AD8D}.Release|x64.Build.0 = Release|Any CPU
		{CDC3435B-924D-4C04-ABFA-0DF8C9F1AD8D}.Release|x86.ActiveCfg = Release|Any CPU
		{CDC3435B-924D-4C04-ABFA-0DF8C9F1AD8D}.Release|x86.Build.0 = Release|Any CPU
		{3CB246E3-9355-443E-92E2-F15F39D2ADE4}.Debug|Any CPU.ActiveCfg = Debug|x86
		{3CB246E3-9355-443E-92E2-F15F39D2ADE4}.Debug|ARM.ActiveCfg = Debug|ARM
		{3CB246E3-9355-443E-92E2-F15F39D2ADE4}.Debug|ARM.Build.0 = Debug|ARM
		{3CB246E3-9355-443E-92E2-F15F39D2ADE4}.Debug|ARM.Deploy.0 = Debug|ARM
		{3CB246E3-9355-443E-92E2-F15F39D2ADE4}.Debug|x64.ActiveCfg = Debug|x64
		{3CB246E3-9355-443E-92E2-F15F39D2ADE4}.Debug|x64.Build.0 = Debug|x64
		{3CB246E3-9355-443E-92E2-F15F39D2ADE4}.Debug|x64.Deploy.0 = Debug|x64
		{3CB246E3-9355-443E-92E2-F15F39D2ADE4}.Debug|x86.ActiveCfg = Debug|x86
		{3CB246E3-9355-443E-92E2-F15F39D2ADE4}.Debug|x86.Build.0 = Debug|x86
		{3CB246E3-9355-443E-92E2-F15F39D2ADE4}.Debug|x86.Deploy.0 = Debug|x86
		{3CB246E3-9355-443E-92E2-F15F39D2ADE4}.Release|Any CPU.ActiveCfg = Release|x86
		{3CB246E3-9355-443E-92E2-F15F39D2ADE4}.Release|ARM.ActiveCfg = Release|ARM
		{3CB246E3-9355-443E-92E2-F15F39D2ADE4}.Release|ARM.Build.0 = Release|ARM
		{3CB246E3-9355-443E-92E2-F15F39D2ADE4}.Release|ARM.Deploy.0 = Release|ARM
		{3CB246E3-9355-443E-92E2-F15F39D2ADE4}.Release|x64.ActiveCfg = Release|x64
		{3CB246E3-9355-443E-92E2-F15F39D2ADE4}.Release|x64.Build.0 = Release|x64
		{3CB246E3-9355-443E-92E2-F15F39D2ADE4}.Release|x64.Deploy.0 = Release|x64
		{3CB246E3-9355-443E-92E2-F15F39D2ADE4}.Release|x86.ActiveCfg = Release|x86
		{3CB246E3-9355-443E-92E2-F15F39D2ADE4}.Release|x86.Build.0 = Release|x86
		{3CB246E3-9355-443E-92E2-F15F39D2ADE4}.Release|x86.Deploy.0 = Release|x86
		{F6DDABC3-D1DD-406A-9612-7114803DE438}.Debug|Any CPU.ActiveCfg = Debug|x86
		{F6DDABC3-D1DD-406A-9612-7114803DE438}.Debug|ARM.ActiveCfg = Debug|ARM
		{F6DDABC3-D1DD-406A-9612-7114803DE438}.Debug|ARM.Build.0 = Debug|ARM
		{F6DDABC3-D1DD-406A-9612-7114803DE438}.Debug|ARM.Deploy.0 = Debug|ARM
		{F6DDABC3-D1DD-406A-9612-7114803DE438}.Debug|x64.ActiveCfg = Debug|x64
		{F6DDABC3-D1DD-406A-9612-7114803DE438}.Debug|x64.Build.0 = Debug|x64
		{F6DDABC3-D1DD-406A-9612-7114803DE438}.Debug|x64.Deploy.0 = Debug|x64
		{F6DDABC3-D1DD-406A-9612-7114803DE438}.Debug|x86.ActiveCfg = Debug|x86
		{F6DDABC3-D1DD-406A-9612-7114803DE438}.Debug|x86.Build.0 = Debug|x86
		{F6DDABC3-D1DD-406A-9612-7114803DE438}.Debug|x86.Deploy.0 = Debug|x86
		{F6DDABC3-D1DD-406A-9612-7114803DE438}.Release|Any CPU.ActiveCfg = Release|x86
		{F6DDABC3-D1DD-406A-9612-7114803DE438}.Release|ARM.ActiveCfg = Release|ARM
		{F6DDABC3-D1DD-406A-9612-7114803DE438}.Release|ARM.Build.0 = Release|ARM
		{F6DDABC3-D1DD-406A-9612-7114803DE438}.Release|ARM.Deploy.0 = Release|ARM
		{F6DDABC3-D1DD-406A-9612-7114803DE438}.Release|x64.ActiveCfg = Release|x64
		{F6DDABC3-D1DD-406A-9612-7114803DE438}.Release|x64.Build.0 = Release|x64
		{F6DDABC3-D1DD-406A-9612-7114803DE438}.Release|x64.Deploy.0 = Release|x64
		{F6DDABC3-D1DD-406A-9612-7114803DE438}.Release|x86.ActiveCfg = Release|x86
		{F6DDABC3-D1DD-406A-9612-7114803DE438}.Release|x86.Build.0 = Release|x86
		{F6DDABC3-D1DD-406A-9612-7114803DE438}.Release|x86.Deploy.0 = Release|x86
	EndGlobalSection
	GlobalSection(SolutionProperties) = preSolution
		HideSolutionNode = FALSE
	EndGlobalSection
EndGlobal
